
Microsoft Visual Studio Solution File, Format Version 12.00
Project("{FAE04EC0-301F-11D3-BF4B-00C04F79EFBC}") = "APBD9", "APBD9\APBD9.csproj", "{569CF73C-6B70-4DBF-B66D-5B71D672B5F1}"
EndProject
Global
	GlobalSection(SolutionConfigurationPlatforms) = preSolution
		Debug|Any CPU = Debug|Any CPU
		Release|Any CPU = Release|Any CPU
	EndGlobalSection
	GlobalSection(ProjectConfigurationPlatforms) = postSolution
		{569CF73C-6B70-4DBF-B66D-5B71D672B5F1}.Debug|Any CPU.ActiveCfg = Debug|Any CPU
		{569CF73C-6B70-4DBF-B66D-5B71D672B5F1}.Debug|Any CPU.Build.0 = Debug|Any CPU
		{569CF73C-6B70-4DBF-B66D-5B71D672B5F1}.Release|Any CPU.ActiveCfg = Release|Any CPU
		{569CF73C-6B70-4DBF-B66D-5B71D672B5F1}.Release|Any CPU.Build.0 = Release|Any CPU
	EndGlobalSection
EndGlobal
